// !$*UTF8*$!
{
	archiveVersion = 1;
	classes = {
	};
	objectVersion = 56;
	objects = {

/* Begin PBXBuildFile section */
		90F367B02974B89200B10E70 /* EventsIOSApp.swift in Sources */ = {isa = PBXBuildFile; fileRef = 90F367AF2974B89200B10E70 /* EventsIOSApp.swift */; };
		90F367B22974B89200B10E70 /* ContentView.swift in Sources */ = {isa = PBXBuildFile; fileRef = 90F367B12974B89200B10E70 /* ContentView.swift */; };
		90F367B42974B89300B10E70 /* Assets.xcassets in Resources */ = {isa = PBXBuildFile; fileRef = 90F367B32974B89300B10E70 /* Assets.xcassets */; };
		90F367B72974B89300B10E70 /* Preview Assets.xcassets in Resources */ = {isa = PBXBuildFile; fileRef = 90F367B62974B89300B10E70 /* Preview Assets.xcassets */; };
		90F367C12974B89300B10E70 /* EventsIOSTests.swift in Sources */ = {isa = PBXBuildFile; fileRef = 90F367C02974B89300B10E70 /* EventsIOSTests.swift */; };
		90F367CB2974B89300B10E70 /* EventsIOSUITests.swift in Sources */ = {isa = PBXBuildFile; fileRef = 90F367CA2974B89300B10E70 /* EventsIOSUITests.swift */; };
		90F367CD2974B89300B10E70 /* EventsIOSUITestsLaunchTests.swift in Sources */ = {isa = PBXBuildFile; fileRef = 90F367CC2974B89300B10E70 /* EventsIOSUITestsLaunchTests.swift */; };
		90F367DB2974C84300B10E70 /* HomeScreenView.swift in Sources */ = {isa = PBXBuildFile; fileRef = 90F367DA2974C84300B10E70 /* HomeScreenView.swift */; };
		90F367DD2975D16700B10E70 /* LoginScreenView.swift in Sources */ = {isa = PBXBuildFile; fileRef = 90F367DC2975D16700B10E70 /* LoginScreenView.swift */; };
		90F367DF2975D52F00B10E70 /* RegisterScreenView.swift in Sources */ = {isa = PBXBuildFile; fileRef = 90F367DE2975D52F00B10E70 /* RegisterScreenView.swift */; };
		90F368272980306600B10E70 /* AgendaView.swift in Sources */ = {isa = PBXBuildFile; fileRef = 90F368262980306600B10E70 /* AgendaView.swift */; };
		90F368292980334A00B10E70 /* NewEventView.swift in Sources */ = {isa = PBXBuildFile; fileRef = 90F368282980334A00B10E70 /* NewEventView.swift */; };
		90F3682B2980342100B10E70 /* Components.swift in Sources */ = {isa = PBXBuildFile; fileRef = 90F3682A2980342100B10E70 /* Components.swift */; };
		90F3683129803E5300B10E70 /* NetworkHelper.swift in Sources */ = {isa = PBXBuildFile; fileRef = 90F3683029803E5300B10E70 /* NetworkHelper.swift */; };
/* End PBXBuildFile section */

/* Begin PBXContainerItemProxy section */
		90F367BD2974B89300B10E70 /* PBXContainerItemProxy */ = {
			isa = PBXContainerItemProxy;
			containerPortal = 90F367A42974B89200B10E70 /* Project object */;
			proxyType = 1;
			remoteGlobalIDString = 90F367AB2974B89200B10E70;
			remoteInfo = EventsIOS;
		};
		90F367C72974B89300B10E70 /* PBXContainerItemProxy */ = {
			isa = PBXContainerItemProxy;
			containerPortal = 90F367A42974B89200B10E70 /* Project object */;
			proxyType = 1;
			remoteGlobalIDString = 90F367AB2974B89200B10E70;
			remoteInfo = EventsIOS;
		};
/* End PBXContainerItemProxy section */

/* Begin PBXFileReference section */
		90F367AC2974B89200B10E70 /* EventsIOS.app */ = {isa = PBXFileReference; explicitFileType = wrapper.application; includeInIndex = 0; path = EventsIOS.app; sourceTree = BUILT_PRODUCTS_DIR; };
		90F367AF2974B89200B10E70 /* EventsIOSApp.swift */ = {isa = PBXFileReference; lastKnownFileType = sourcecode.swift; path = EventsIOSApp.swift; sourceTree = "<group>"; };
		90F367B12974B89200B10E70 /* ContentView.swift */ = {isa = PBXFileReference; lastKnownFileType = sourcecode.swift; path = ContentView.swift; sourceTree = "<group>"; };
		90F367B32974B89300B10E70 /* Assets.xcassets */ = {isa = PBXFileReference; lastKnownFileType = folder.assetcatalog; path = Assets.xcassets; sourceTree = "<group>"; };
		90F367B62974B89300B10E70 /* Preview Assets.xcassets */ = {isa = PBXFileReference; lastKnownFileType = folder.assetcatalog; path = "Preview Assets.xcassets"; sourceTree = "<group>"; };
		90F367BC2974B89300B10E70 /* EventsIOSTests.xctest */ = {isa = PBXFileReference; explicitFileType = wrapper.cfbundle; includeInIndex = 0; path = EventsIOSTests.xctest; sourceTree = BUILT_PRODUCTS_DIR; };
		90F367C02974B89300B10E70 /* EventsIOSTests.swift */ = {isa = PBXFileReference; lastKnownFileType = sourcecode.swift; path = EventsIOSTests.swift; sourceTree = "<group>"; };
		90F367C62974B89300B10E70 /* EventsIOSUITests.xctest */ = {isa = PBXFileReference; explicitFileType = wrapper.cfbundle; includeInIndex = 0; path = EventsIOSUITests.xctest; sourceTree = BUILT_PRODUCTS_DIR; };
		90F367CA2974B89300B10E70 /* EventsIOSUITests.swift */ = {isa = PBXFileReference; lastKnownFileType = sourcecode.swift; path = EventsIOSUITests.swift; sourceTree = "<group>"; };
		90F367CC2974B89300B10E70 /* EventsIOSUITestsLaunchTests.swift */ = {isa = PBXFileReference; lastKnownFileType = sourcecode.swift; path = EventsIOSUITestsLaunchTests.swift; sourceTree = "<group>"; };
		90F367DA2974C84300B10E70 /* HomeScreenView.swift */ = {isa = PBXFileReference; lastKnownFileType = sourcecode.swift; path = HomeScreenView.swift; sourceTree = "<group>"; };
		90F367DC2975D16700B10E70 /* LoginScreenView.swift */ = {isa = PBXFileReference; lastKnownFileType = sourcecode.swift; path = LoginScreenView.swift; sourceTree = "<group>"; };
		90F367DE2975D52F00B10E70 /* RegisterScreenView.swift */ = {isa = PBXFileReference; lastKnownFileType = sourcecode.swift; path = RegisterScreenView.swift; sourceTree = "<group>"; };
		90F368262980306600B10E70 /* AgendaView.swift */ = {isa = PBXFileReference; lastKnownFileType = sourcecode.swift; path = AgendaView.swift; sourceTree = "<group>"; };
		90F368282980334A00B10E70 /* NewEventView.swift */ = {isa = PBXFileReference; lastKnownFileType = sourcecode.swift; path = NewEventView.swift; sourceTree = "<group>"; };
		90F3682A2980342100B10E70 /* Components.swift */ = {isa = PBXFileReference; lastKnownFileType = sourcecode.swift; path = Components.swift; sourceTree = "<group>"; };
		90F3683029803E5300B10E70 /* NetworkHelper.swift */ = {isa = PBXFileReference; lastKnownFileType = sourcecode.swift; path = NetworkHelper.swift; sourceTree = "<group>"; };
/* End PBXFileReference section */

/* Begin PBXFrameworksBuildPhase section */
		90F367A92974B89200B10E70 /* Frameworks */ = {
			isa = PBXFrameworksBuildPhase;
			buildActionMask = 2147483647;
			files = (
			);
			runOnlyForDeploymentPostprocessing = 0;
		};
		90F367B92974B89300B10E70 /* Frameworks */ = {
			isa = PBXFrameworksBuildPhase;
			buildActionMask = 2147483647;
			files = (
			);
			runOnlyForDeploymentPostprocessing = 0;
		};
		90F367C32974B89300B10E70 /* Frameworks */ = {
			isa = PBXFrameworksBuildPhase;
			buildActionMask = 2147483647;
			files = (
			);
			runOnlyForDeploymentPostprocessing = 0;
		};
/* End PBXFrameworksBuildPhase section */

/* Begin PBXGroup section */
		90F367A32974B89200B10E70 = {
			isa = PBXGroup;
			children = (
				90F367AE2974B89200B10E70 /* EventsIOS */,
				90F367BF2974B89300B10E70 /* EventsIOSTests */,
				90F367C92974B89300B10E70 /* EventsIOSUITests */,
				90F367AD2974B89200B10E70 /* Products */,
			);
			sourceTree = "<group>";
		};
		90F367AD2974B89200B10E70 /* Products */ = {
			isa = PBXGroup;
			children = (
				90F367AC2974B89200B10E70 /* EventsIOS.app */,
				90F367BC2974B89300B10E70 /* EventsIOSTests.xctest */,
				90F367C62974B89300B10E70 /* EventsIOSUITests.xctest */,
			);
			name = Products;
			sourceTree = "<group>";
		};
		90F367AE2974B89200B10E70 /* EventsIOS */ = {
			isa = PBXGroup;
			children = (
				90F367B12974B89200B10E70 /* ContentView.swift */,
				90F3682D29803E3000B10E70 /* Data */,
				90F367D92974C70100B10E70 /* Screens */,
				90F367AF2974B89200B10E70 /* EventsIOSApp.swift */,
				90F367B32974B89300B10E70 /* Assets.xcassets */,
				90F367B52974B89300B10E70 /* Preview Content */,
			);
			path = EventsIOS;
			sourceTree = "<group>";
		};
		90F367B52974B89300B10E70 /* Preview Content */ = {
			isa = PBXGroup;
			children = (
				90F367B62974B89300B10E70 /* Preview Assets.xcassets */,
			);
			path = "Preview Content";
			sourceTree = "<group>";
		};
		90F367BF2974B89300B10E70 /* EventsIOSTests */ = {
			isa = PBXGroup;
			children = (
				90F367C02974B89300B10E70 /* EventsIOSTests.swift */,
			);
			path = EventsIOSTests;
			sourceTree = "<group>";
		};
		90F367C92974B89300B10E70 /* EventsIOSUITests */ = {
			isa = PBXGroup;
			children = (
				90F367CA2974B89300B10E70 /* EventsIOSUITests.swift */,
				90F367CC2974B89300B10E70 /* EventsIOSUITestsLaunchTests.swift */,
			);
			path = EventsIOSUITests;
			sourceTree = "<group>";
		};
		90F367D92974C70100B10E70 /* Screens */ = {
			isa = PBXGroup;
			children = (
				90F367DA2974C84300B10E70 /* HomeScreenView.swift */,
				90F367DC2975D16700B10E70 /* LoginScreenView.swift */,
				90F3682A2980342100B10E70 /* Components.swift */,
				90F368262980306600B10E70 /* AgendaView.swift */,
				90F367DE2975D52F00B10E70 /* RegisterScreenView.swift */,
				90F368282980334A00B10E70 /* NewEventView.swift */,
			);
			path = Screens;
			sourceTree = "<group>";
		};
		90F3682D29803E3000B10E70 /* Data */ = {
			isa = PBXGroup;
			children = (
				90F3683029803E5300B10E70 /* NetworkHelper.swift */,
			);
			path = Data;
			sourceTree = "<group>";
		};
/* End PBXGroup section */

/* Begin PBXNativeTarget section */
		90F367AB2974B89200B10E70 /* EventsIOS */ = {
			isa = PBXNativeTarget;
			buildConfigurationList = 90F367D02974B89300B10E70 /* Build configuration list for PBXNativeTarget "EventsIOS" */;
			buildPhases = (
				90F367A82974B89200B10E70 /* Sources */,
				90F367A92974B89200B10E70 /* Frameworks */,
				90F367AA2974B89200B10E70 /* Resources */,
			);
			buildRules = (
			);
			dependencies = (
			);
			name = EventsIOS;
			productName = EventsIOS;
			productReference = 90F367AC2974B89200B10E70 /* EventsIOS.app */;
			productType = "com.apple.product-type.application";
		};
		90F367BB2974B89300B10E70 /* EventsIOSTests */ = {
			isa = PBXNativeTarget;
			buildConfigurationList = 90F367D32974B89300B10E70 /* Build configuration list for PBXNativeTarget "EventsIOSTests" */;
			buildPhases = (
				90F367B82974B89300B10E70 /* Sources */,
				90F367B92974B89300B10E70 /* Frameworks */,
				90F367BA2974B89300B10E70 /* Resources */,
			);
			buildRules = (
			);
			dependencies = (
				90F367BE2974B89300B10E70 /* PBXTargetDependency */,
			);
			name = EventsIOSTests;
			productName = EventsIOSTests;
			productReference = 90F367BC2974B89300B10E70 /* EventsIOSTests.xctest */;
			productType = "com.apple.product-type.bundle.unit-test";
		};
		90F367C52974B89300B10E70 /* EventsIOSUITests */ = {
			isa = PBXNativeTarget;
			buildConfigurationList = 90F367D62974B89300B10E70 /* Build configuration list for PBXNativeTarget "EventsIOSUITests" */;
			buildPhases = (
				90F367C22974B89300B10E70 /* Sources */,
				90F367C32974B89300B10E70 /* Frameworks */,
				90F367C42974B89300B10E70 /* Resources */,
			);
			buildRules = (
			);
			dependencies = (
				90F367C82974B89300B10E70 /* PBXTargetDependency */,
			);
			name = EventsIOSUITests;
			productName = EventsIOSUITests;
			productReference = 90F367C62974B89300B10E70 /* EventsIOSUITests.xctest */;
			productType = "com.apple.product-type.bundle.ui-testing";
		};
/* End PBXNativeTarget section */

/* Begin PBXProject section */
		90F367A42974B89200B10E70 /* Project object */ = {
			isa = PBXProject;
			attributes = {
				BuildIndependentTargetsInParallel = 1;
				LastSwiftUpdateCheck = 1420;
				LastUpgradeCheck = 1420;
				TargetAttributes = {
					90F367AB2974B89200B10E70 = {
						CreatedOnToolsVersion = 14.2;
					};
					90F367BB2974B89300B10E70 = {
						CreatedOnToolsVersion = 14.2;
						TestTargetID = 90F367AB2974B89200B10E70;
					};
					90F367C52974B89300B10E70 = {
						CreatedOnToolsVersion = 14.2;
						TestTargetID = 90F367AB2974B89200B10E70;
					};
				};
			};
			buildConfigurationList = 90F367A72974B89200B10E70 /* Build configuration list for PBXProject "EventsIOS" */;
			compatibilityVersion = "Xcode 14.0";
			developmentRegion = en;
			hasScannedForEncodings = 0;
			knownRegions = (
				en,
				Base,
			);
			mainGroup = 90F367A32974B89200B10E70;
			productRefGroup = 90F367AD2974B89200B10E70 /* Products */;
			projectDirPath = "";
			projectRoot = "";
			targets = (
				90F367AB2974B89200B10E70 /* EventsIOS */,
				90F367BB2974B89300B10E70 /* EventsIOSTests */,
				90F367C52974B89300B10E70 /* EventsIOSUITests */,
			);
		};
/* End PBXProject section */

/* Begin PBXResourcesBuildPhase section */
		90F367AA2974B89200B10E70 /* Resources */ = {
			isa = PBXResourcesBuildPhase;
			buildActionMask = 2147483647;
			files = (
				90F367B72974B89300B10E70 /* Preview Assets.xcassets in Resources */,
				90F367B42974B89300B10E70 /* Assets.xcassets in Resources */,
			);
			runOnlyForDeploymentPostprocessing = 0;
		};
		90F367BA2974B89300B10E70 /* Resources */ = {
			isa = PBXResourcesBuildPhase;
			buildActionMask = 2147483647;
			files = (
			);
			runOnlyForDeploymentPostprocessing = 0;
		};
		90F367C42974B89300B10E70 /* Resources */ = {
			isa = PBXResourcesBuildPhase;
			buildActionMask = 2147483647;
			files = (
			);
			runOnlyForDeploymentPostprocessing = 0;
		};
/* End PBXResourcesBuildPhase section */

/* Begin PBXSourcesBuildPhase section */
		90F367A82974B89200B10E70 /* Sources */ = {
			isa = PBXSourcesBuildPhase;
			buildActionMask = 2147483647;
			files = (
				90F367DD2975D16700B10E70 /* LoginScreenView.swift in Sources */,
				90F3683129803E5300B10E70 /* NetworkHelper.swift in Sources */,
				90F3682B2980342100B10E70 /* Components.swift in Sources */,
				90F367DB2974C84300B10E70 /* HomeScreenView.swift in Sources */,
				90F368272980306600B10E70 /* AgendaView.swift in Sources */,
				90F367B22974B89200B10E70 /* ContentView.swift in Sources */,
				90F367B02974B89200B10E70 /* EventsIOSApp.swift in Sources */,
				90F367DF2975D52F00B10E70 /* RegisterScreenView.swift in Sources */,
				90F368292980334A00B10E70 /* NewEventView.swift in Sources */,
			);
			runOnlyForDeploymentPostprocessing = 0;
		};
		90F367B82974B89300B10E70 /* Sources */ = {
			isa = PBXSourcesBuildPhase;
			buildActionMask = 2147483647;
			files = (
				90F367C12974B89300B10E70 /* EventsIOSTests.swift in Sources */,
			);
			runOnlyForDeploymentPostprocessing = 0;
		};
		90F367C22974B89300B10E70 /* Sources */ = {
			isa = PBXSourcesBuildPhase;
			buildActionMask = 2147483647;
			files = (
				90F367CB2974B89300B10E70 /* EventsIOSUITests.swift in Sources */,
				90F367CD2974B89300B10E70 /* EventsIOSUITestsLaunchTests.swift in Sources */,
			);
			runOnlyForDeploymentPostprocessing = 0;
		};
/* End PBXSourcesBuildPhase section */

/* Begin PBXTargetDependency section */
		90F367BE2974B89300B10E70 /* PBXTargetDependency */ = {
			isa = PBXTargetDependency;
			target = 90F367AB2974B89200B10E70 /* EventsIOS */;
			targetProxy = 90F367BD2974B89300B10E70 /* PBXContainerItemProxy */;
		};
		90F367C82974B89300B10E70 /* PBXTargetDependency */ = {
			isa = PBXTargetDependency;
			target = 90F367AB2974B89200B10E70 /* EventsIOS */;
			targetProxy = 90F367C72974B89300B10E70 /* PBXContainerItemProxy */;
		};
/* End PBXTargetDependency section */

/* Begin XCBuildConfiguration section */
		90F367CE2974B89300B10E70 /* Debug */ = {
			isa = XCBuildConfiguration;
			buildSettings = {
				ALWAYS_SEARCH_USER_PATHS = NO;
				CLANG_ANALYZER_NONNULL = YES;
				CLANG_ANALYZER_NUMBER_OBJECT_CONVERSION = YES_AGGRESSIVE;
				CLANG_CXX_LANGUAGE_STANDARD = "gnu++20";
				CLANG_ENABLE_MODULES = YES;
				CLANG_ENABLE_OBJC_ARC = YES;
				CLANG_ENABLE_OBJC_WEAK = YES;
				CLANG_WARN_BLOCK_CAPTURE_AUTORELEASING = YES;
				CLANG_WARN_BOOL_CONVERSION = YES;
				CLANG_WARN_COMMA = YES;
				CLANG_WARN_CONSTANT_CONVERSION = YES;
				CLANG_WARN_DEPRECATED_OBJC_IMPLEMENTATIONS = YES;
				CLANG_WARN_DIRECT_OBJC_ISA_USAGE = YES_ERROR;
				CLANG_WARN_DOCUMENTATION_COMMENTS = YES;
				CLANG_WARN_EMPTY_BODY = YES;
				CLANG_WARN_ENUM_CONVERSION = YES;
				CLANG_WARN_INFINITE_RECURSION = YES;
				CLANG_WARN_INT_CONVERSION = YES;
				CLANG_WARN_NON_LITERAL_NULL_CONVERSION = YES;
				CLANG_WARN_OBJC_IMPLICIT_RETAIN_SELF = YES;
				CLANG_WARN_OBJC_LITERAL_CONVERSION = YES;
				CLANG_WARN_OBJC_ROOT_CLASS = YES_ERROR;
				CLANG_WARN_QUOTED_INCLUDE_IN_FRAMEWORK_HEADER = YES;
				CLANG_WARN_RANGE_LOOP_ANALYSIS = YES;
				CLANG_WARN_STRICT_PROTOTYPES = YES;
				CLANG_WARN_SUSPICIOUS_MOVE = YES;
				CLANG_WARN_UNGUARDED_AVAILABILITY = YES_AGGRESSIVE;
				CLANG_WARN_UNREACHABLE_CODE = YES;
				CLANG_WARN__DUPLICATE_METHOD_MATCH = YES;
				COPY_PHASE_STRIP = NO;
				DEBUG_INFORMATION_FORMAT = dwarf;
				ENABLE_STRICT_OBJC_MSGSEND = YES;
				ENABLE_TESTABILITY = YES;
				GCC_C_LANGUAGE_STANDARD = gnu11;
				GCC_DYNAMIC_NO_PIC = NO;
				GCC_NO_COMMON_BLOCKS = YES;
				GCC_OPTIMIZATION_LEVEL = 0;
				GCC_PREPROCESSOR_DEFINITIONS = (
					"DEBUG=1",
					"$(inherited)",
				);
				GCC_WARN_64_TO_32_BIT_CONVERSION = YES;
				GCC_WARN_ABOUT_RETURN_TYPE = YES_ERROR;
				GCC_WARN_UNDECLARED_SELECTOR = YES;
				GCC_WARN_UNINITIALIZED_AUTOS = YES_AGGRESSIVE;
				GCC_WARN_UNUSED_FUNCTION = YES;
				GCC_WARN_UNUSED_VARIABLE = YES;
				IPHONEOS_DEPLOYMENT_TARGET = 16.2;
				MTL_ENABLE_DEBUG_INFO = INCLUDE_SOURCE;
				MTL_FAST_MATH = YES;
				ONLY_ACTIVE_ARCH = YES;
				SDKROOT = iphoneos;
				SWIFT_ACTIVE_COMPILATION_CONDITIONS = DEBUG;
				SWIFT_OPTIMIZATION_LEVEL = "-Onone";
			};
			name = Debug;
		};
		90F367CF2974B89300B10E70 /* Release */ = {
			isa = XCBuildConfiguration;
			buildSettings = {
				ALWAYS_SEARCH_USER_PATHS = NO;
				CLANG_ANALYZER_NONNULL = YES;
				CLANG_ANALYZER_NUMBER_OBJECT_CONVERSION = YES_AGGRESSIVE;
				CLANG_CXX_LANGUAGE_STANDARD = "gnu++20";
				CLANG_ENABLE_MODULES = YES;
				CLANG_ENABLE_OBJC_ARC = YES;
				CLANG_ENABLE_OBJC_WEAK = YES;
				CLANG_WARN_BLOCK_CAPTURE_AUTORELEASING = YES;
				CLANG_WARN_BOOL_CONVERSION = YES;
				CLANG_WARN_COMMA = YES;
				CLANG_WARN_CONSTANT_CONVERSION = YES;
				CLANG_WARN_DEPRECATED_OBJC_IMPLEMENTATIONS = YES;
				CLANG_WARN_DIRECT_OBJC_ISA_USAGE = YES_ERROR;
				CLANG_WARN_DOCUMENTATION_COMMENTS = YES;
				CLANG_WARN_EMPTY_BODY = YES;
				CLANG_WARN_ENUM_CONVERSION = YES;
				CLANG_WARN_INFINITE_RECURSION = YES;
				CLANG_WARN_INT_CONVERSION = YES;
				CLANG_WARN_NON_LITERAL_NULL_CONVERSION = YES;
				CLANG_WARN_OBJC_IMPLICIT_RETAIN_SELF = YES;
				CLANG_WARN_OBJC_LITERAL_CONVERSION = YES;
				CLANG_WARN_OBJC_ROOT_CLASS = YES_ERROR;
				CLANG_WARN_QUOTED_INCLUDE_IN_FRAMEWORK_HEADER = YES;
				CLANG_WARN_RANGE_LOOP_ANALYSIS = YES;
				CLANG_WARN_STRICT_PROTOTYPES = YES;
				CLANG_WARN_SUSPICIOUS_MOVE = YES;
				CLANG_WARN_UNGUARDED_AVAILABILITY = YES_AGGRESSIVE;
				CLANG_WARN_UNREACHABLE_CODE = YES;
				CLANG_WARN__DUPLICATE_METHOD_MATCH = YES;
				COPY_PHASE_STRIP = NO;
				DEBUG_INFORMATION_FORMAT = "dwarf-with-dsym";
				ENABLE_NS_ASSERTIONS = NO;
				ENABLE_STRICT_OBJC_MSGSEND = YES;
				GCC_C_LANGUAGE_STANDARD = gnu11;
				GCC_NO_COMMON_BLOCKS = YES;
				GCC_WARN_64_TO_32_BIT_CONVERSION = YES;
				GCC_WARN_ABOUT_RETURN_TYPE = YES_ERROR;
				GCC_WARN_UNDECLARED_SELECTOR = YES;
				GCC_WARN_UNINITIALIZED_AUTOS = YES_AGGRESSIVE;
				GCC_WARN_UNUSED_FUNCTION = YES;
				GCC_WARN_UNUSED_VARIABLE = YES;
				IPHONEOS_DEPLOYMENT_TARGET = 16.2;
				MTL_ENABLE_DEBUG_INFO = NO;
				MTL_FAST_MATH = YES;
				SDKROOT = iphoneos;
				SWIFT_COMPILATION_MODE = wholemodule;
				SWIFT_OPTIMIZATION_LEVEL = "-O";
				VALIDATE_PRODUCT = YES;
			};
			name = Release;
		};
		90F367D12974B89300B10E70 /* Debug */ = {
			isa = XCBuildConfiguration;
			buildSettings = {
				ASSETCATALOG_COMPILER_APPICON_NAME = AppIcon;
				ASSETCATALOG_COMPILER_GLOBAL_ACCENT_COLOR_NAME = AccentColor;
				CODE_SIGN_STYLE = Automatic;
				CURRENT_PROJECT_VERSION = 1;
				DEVELOPMENT_ASSET_PATHS = "\"EventsIOS/Preview Content\"";
				DEVELOPMENT_TEAM = H8ZVN55RGH;
				ENABLE_PREVIEWS = YES;
				GENERATE_INFOPLIST_FILE = YES;
				INFOPLIST_KEY_UIApplicationSceneManifest_Generation = YES;
				INFOPLIST_KEY_UIApplicationSupportsIndirectInputEvents = YES;
				INFOPLIST_KEY_UILaunchScreen_Generation = YES;
				INFOPLIST_KEY_UISupportedInterfaceOrientations_iPad = "UIInterfaceOrientationPortrait UIInterfaceOrientationPortraitUpsideDown UIInterfaceOrientationLandscapeLeft UIInterfaceOrientationLandscapeRight";
				INFOPLIST_KEY_UISupportedInterfaceOrientations_iPhone = "UIInterfaceOrientationPortrait UIInterfaceOrientationLandscapeLeft UIInterfaceOrientationLandscapeRight";
				LD_RUNPATH_SEARCH_PATHS = (
					"$(inherited)",
					"@executable_path/Frameworks",
				);
				MARKETING_VERSION = 1.0;
				PRODUCT_BUNDLE_IDENTIFIER = j.EventsIOS;
				PRODUCT_NAME = "$(TARGET_NAME)";
				SWIFT_EMIT_LOC_STRINGS = YES;
				SWIFT_VERSION = 5.0;
				TARGETED_DEVICE_FAMILY = "1,2";
			};
			name = Debug;
		};
		90F367D22974B89300B10E70 /* Release */ = {
			isa = XCBuildConfiguration;
			buildSettings = {
				ASSETCATALOG_COMPILER_APPICON_NAME = AppIcon;
				ASSETCATALOG_COMPILER_GLOBAL_ACCENT_COLOR_NAME = AccentColor;
				CODE_SIGN_STYLE = Automatic;
				CURRENT_PROJECT_VERSION = 1;
				DEVELOPMENT_ASSET_PATHS = "\"EventsIOS/Preview Content\"";
				DEVELOPMENT_TEAM = H8ZVN55RGH;
				ENABLE_PREVIEWS = YES;
				GENERATE_INFOPLIST_FILE = YES;
				INFOPLIST_KEY_UIApplicationSceneManifest_Generation = YES;
				INFOPLIST_KEY_UIApplicationSupportsIndirectInputEvents = YES;
				INFOPLIST_KEY_UILaunchScreen_Generation = YES;
				INFOPLIST_KEY_UISupportedInterfaceOrientations_iPad = "UIInterfaceOrientationPortrait UIInterfaceOrientationPortraitUpsideDown UIInterfaceOrientationLandscapeLeft UIInterfaceOrientationLandscapeRight";
				INFOPLIST_KEY_UISupportedInterfaceOrientations_iPhone = "UIInterfaceOrientationPortrait UIInterfaceOrientationLandscapeLeft UIInterfaceOrientationLandscapeRight";
				LD_RUNPATH_SEARCH_PATHS = (
					"$(inherited)",
					"@executable_path/Frameworks",
				);
				MARKETING_VERSION = 1.0;
				PRODUCT_BUNDLE_IDENTIFIER = j.EventsIOS;
				PRODUCT_NAME = "$(TARGET_NAME)";
				SWIFT_EMIT_LOC_STRINGS = YES;
				SWIFT_VERSION = 5.0;
				TARGETED_DEVICE_FAMILY = "1,2";
			};
			name = Release;
		};
		90F367D42974B89300B10E70 /* Debug */ = {
			isa = XCBuildConfiguration;
			buildSettings = {
				ALWAYS_EMBED_SWIFT_STANDARD_LIBRARIES = YES;
				BUNDLE_LOADER = "$(TEST_HOST)";
				CODE_SIGN_STYLE = Automatic;
				CURRENT_PROJECT_VERSION = 1;
				GENERATE_INFOPLIST_FILE = YES;
				IPHONEOS_DEPLOYMENT_TARGET = 16.2;
				MARKETING_VERSION = 1.0;
				PRODUCT_BUNDLE_IDENTIFIER = j.EventsIOSTests;
				PRODUCT_NAME = "$(TARGET_NAME)";
				SWIFT_EMIT_LOC_STRINGS = NO;
				SWIFT_VERSION = 5.0;
				TARGETED_DEVICE_FAMILY = "1,2";
				TEST_HOST = "$(BUILT_PRODUCTS_DIR)/EventsIOS.app/$(BUNDLE_EXECUTABLE_FOLDER_PATH)/EventsIOS";
			};
			name = Debug;
		};
		90F367D52974B89300B10E70 /* Release */ = {
			isa = XCBuildConfiguration;
			buildSettings = {
				ALWAYS_EMBED_SWIFT_STANDARD_LIBRARIES = YES;
				BUNDLE_LOADER = "$(TEST_HOST)";
				CODE_SIGN_STYLE = Automatic;
				CURRENT_PROJECT_VERSION = 1;
				GENERATE_INFOPLIST_FILE = YES;
				IPHONEOS_DEPLOYMENT_TARGET = 16.2;
				MARKETING_VERSION = 1.0;
				PRODUCT_BUNDLE_IDENTIFIER = j.EventsIOSTests;
				PRODUCT_NAME = "$(TARGET_NAME)";
				SWIFT_EMIT_LOC_STRINGS = NO;
				SWIFT_VERSION = 5.0;
				TARGETED_DEVICE_FAMILY = "1,2";
				TEST_HOST = "$(BUILT_PRODUCTS_DIR)/EventsIOS.app/$(BUNDLE_EXECUTABLE_FOLDER_PATH)/EventsIOS";
			};
			name = Release;
		};
		90F367D72974B89300B10E70 /* Debug */ = {
			isa = XCBuildConfiguration;
			buildSettings = {
				ALWAYS_EMBED_SWIFT_STANDARD_LIBRARIES = YES;
				CODE_SIGN_STYLE = Automatic;
				CURRENT_PROJECT_VERSION = 1;
				GENERATE_INFOPLIST_FILE = YES;
				MARKETING_VERSION = 1.0;
				PRODUCT_BUNDLE_IDENTIFIER = j.EventsIOSUITests;
				PRODUCT_NAME = "$(TARGET_NAME)";
				SWIFT_EMIT_LOC_STRINGS = NO;
				SWIFT_VERSION = 5.0;
				TARGETED_DEVICE_FAMILY = "1,2";
				TEST_TARGET_NAME = EventsIOS;
			};
			name = Debug;
		};
		90F367D82974B89300B10E70 /* Release */ = {
			isa = XCBuildConfiguration;
			buildSettings = {
				ALWAYS_EMBED_SWIFT_STANDARD_LIBRARIES = YES;
				CODE_SIGN_STYLE = Automatic;
				CURRENT_PROJECT_VERSION = 1;
				GENERATE_INFOPLIST_FILE = YES;
				MARKETING_VERSION = 1.0;
				PRODUCT_BUNDLE_IDENTIFIER = j.EventsIOSUITests;
				PRODUCT_NAME = "$(TARGET_NAME)";
				SWIFT_EMIT_LOC_STRINGS = NO;
				SWIFT_VERSION = 5.0;
				TARGETED_DEVICE_FAMILY = "1,2";
				TEST_TARGET_NAME = EventsIOS;
			};
			name = Release;
		};
/* End XCBuildConfiguration section */

/* Begin XCConfigurationList section */
		90F367A72974B89200B10E70 /* Build configuration list for PBXProject "EventsIOS" */ = {
			isa = XCConfigurationList;
			buildConfigurations = (
				90F367CE2974B89300B10E70 /* Debug */,
				90F367CF2974B89300B10E70 /* Release */,
			);
			defaultConfigurationIsVisible = 0;
			defaultConfigurationName = Release;
		};
		90F367D02974B89300B10E70 /* Build configuration list for PBXNativeTarget "EventsIOS" */ = {
			isa = XCConfigurationList;
			buildConfigurations = (
				90F367D12974B89300B10E70 /* Debug */,
				90F367D22974B89300B10E70 /* Release */,
			);
			defaultConfigurationIsVisible = 0;
			defaultConfigurationName = Release;
		};
		90F367D32974B89300B10E70 /* Build configuration list for PBXNativeTarget "EventsIOSTests" */ = {
			isa = XCConfigurationList;
			buildConfigurations = (
				90F367D42974B89300B10E70 /* Debug */,
				90F367D52974B89300B10E70 /* Release */,
			);
			defaultConfigurationIsVisible = 0;
			defaultConfigurationName = Release;
		};
		90F367D62974B89300B10E70 /* Build configuration list for PBXNativeTarget "EventsIOSUITests" */ = {
			isa = XCConfigurationList;
			buildConfigurations = (
				90F367D72974B89300B10E70 /* Debug */,
				90F367D82974B89300B10E70 /* Release */,
			);
			defaultConfigurationIsVisible = 0;
			defaultConfigurationName = Release;
		};
/* End XCConfigurationList section */
	};
	rootObject = 90F367A42974B89200B10E70 /* Project object */;
}
